<?xml version="1.0" encoding="UTF-8"?>
<Project ToolsVersion="14.0" xmlns="http://schemas.microsoft.com/developer/msbuild/2003">
  <ItemGroup>
    <CustomBuild Include="C:\Users\ZZADD\Documents\Visual Studio 2015\Projects\ObsVSBuild\CMakeFiles\47ae2a3e4981854b185e27fc29fd294f\PACKAGE_force.rule">
      <Filter>CMake Rules</Filter>
    </CustomBuild>
  </ItemGroup>
  <ItemGroup>
    <Filter Include="CMake Rules">
      <UniqueIdentifier>{89BEBD6B-0F7B-3815-9D90-0146CB8C2D8A}</UniqueIdentifier>
    </Filter>
  </ItemGroup>
</Project>
