<?xml version="1.0" encoding="UTF-8"?>
<Project ToolsVersion="14.0" xmlns="http://schemas.microsoft.com/developer/msbuild/2003">
  <ItemGroup>
    <ClCompile Include="D:\WorkDir\obs-studio\UI\frontend-plugins\frontend-tools\auto-scene-switcher.cpp">
      <Filter>Source Files</Filter>
    </ClCompile>
    <ClCompile Include="D:\WorkDir\obs-studio\UI\frontend-plugins\frontend-tools\frontend-tools.c">
      <Filter>Source Files</Filter>
    </ClCompile>
    <ClCompile Include="D:\WorkDir\obs-studio\UI\frontend-plugins\frontend-tools\output-timer.cpp">
      <Filter>Source Files</Filter>
    </ClCompile>
    <ClCompile Include="D:\WorkDir\obs-studio\UI\frontend-plugins\frontend-tools\auto-scene-switcher-win.cpp">
      <Filter>Source Files</Filter>
    </ClCompile>
    <ClCompile Include="C:\Users\ZZADD\Documents\Visual Studio 2015\Projects\ObsVSBuild\UI\frontend-plugins\frontend-tools\frontend-tools_autogen\moc_compilation.cpp">
      <Filter>Source Files</Filter>
    </ClCompile>
  </ItemGroup>
  <ItemGroup>
    <ClInclude Include="D:\WorkDir\obs-studio\UI\frontend-plugins\frontend-tools\auto-scene-switcher.hpp">
      <Filter>Header Files</Filter>
    </ClInclude>
    <ClInclude Include="C:\Users\ZZADD\Documents\Visual Studio 2015\Projects\ObsVSBuild\config\frontend-tools-config.h">
      <Filter>Header Files</Filter>
    </ClInclude>
    <ClInclude Include="D:\WorkDir\obs-studio\UI\frontend-plugins\frontend-tools\output-timer.hpp">
      <Filter>Header Files</Filter>
    </ClInclude>
    <ClInclude Include="D:\WorkDir\obs-studio\UI\frontend-plugins\frontend-tools\tool-helpers.hpp">
      <Filter>Header Files</Filter>
    </ClInclude>
    <ClInclude Include="C:\Users\ZZADD\Documents\Visual Studio 2015\Projects\ObsVSBuild\UI\frontend-plugins\frontend-tools\ui_auto-scene-switcher.h">
      <Filter>Header Files</Filter>
    </ClInclude>
    <ClInclude Include="C:\Users\ZZADD\Documents\Visual Studio 2015\Projects\ObsVSBuild\UI\frontend-plugins\frontend-tools\ui_output-timer.h">
      <Filter>Header Files</Filter>
    </ClInclude>
  </ItemGroup>
  <ItemGroup>
    <CustomBuild Include="D:\WorkDir\obs-studio\UI\frontend-plugins\frontend-tools\CMakeLists.txt" />
    <CustomBuild Include="D:\WorkDir\obs-studio\UI\frontend-plugins\frontend-tools\forms\auto-scene-switcher.ui" />
    <CustomBuild Include="D:\WorkDir\obs-studio\UI\frontend-plugins\frontend-tools\forms\output-timer.ui" />
  </ItemGroup>
  <ItemGroup>
    <Filter Include="Source Files">
      <UniqueIdentifier>{FA4EB841-5338-353C-91E6-C0EA8763382C}</UniqueIdentifier>
    </Filter>
    <Filter Include="Header Files">
      <UniqueIdentifier>{204D2E56-1393-311C-B73E-A208FD828602}</UniqueIdentifier>
    </Filter>
  </ItemGroup>
</Project>
