<?xml version="1.0" encoding="UTF-8"?>
<Project ToolsVersion="14.0" xmlns="http://schemas.microsoft.com/developer/msbuild/2003">
  <ItemGroup>
    <ClCompile Include="D:\WorkDir\obs-studio\libobs\callback\calldata.c">
      <Filter>callback\Source Files</Filter>
    </ClCompile>
    <ClCompile Include="D:\WorkDir\obs-studio\libobs\callback\decl.c">
      <Filter>callback\Source Files</Filter>
    </ClCompile>
    <ClCompile Include="D:\WorkDir\obs-studio\libobs\callback\signal.c">
      <Filter>callback\Source Files</Filter>
    </ClCompile>
    <ClCompile Include="D:\WorkDir\obs-studio\libobs\callback\proc.c">
      <Filter>callback\Source Files</Filter>
    </ClCompile>
    <ClCompile Include="D:\WorkDir\obs-studio\libobs\graphics\graphics-ffmpeg.c">
      <Filter>graphics\Source Files</Filter>
    </ClCompile>
    <ClCompile Include="D:\WorkDir\obs-studio\libobs\graphics\quat.c">
      <Filter>graphics\Source Files</Filter>
    </ClCompile>
    <ClCompile Include="D:\WorkDir\obs-studio\libobs\graphics\effect-parser.c">
      <Filter>graphics\Source Files</Filter>
    </ClCompile>
    <ClCompile Include="D:\WorkDir\obs-studio\libobs\graphics\axisang.c">
      <Filter>graphics\Source Files</Filter>
    </ClCompile>
    <ClCompile Include="D:\WorkDir\obs-studio\libobs\graphics\vec4.c">
      <Filter>graphics\Source Files</Filter>
    </ClCompile>
    <ClCompile Include="D:\WorkDir\obs-studio\libobs\graphics\vec2.c">
      <Filter>graphics\Source Files</Filter>
    </ClCompile>
    <ClCompile Include="D:\WorkDir\obs-studio\libobs\graphics\libnsgif\libnsgif.c">
      <Filter>graphics\Source Files</Filter>
    </ClCompile>
    <ClCompile Include="D:\WorkDir\obs-studio\libobs\graphics\texture-render.c">
      <Filter>graphics\Source Files</Filter>
    </ClCompile>
    <ClCompile Include="D:\WorkDir\obs-studio\libobs\graphics\image-file.c">
      <Filter>graphics\Source Files</Filter>
    </ClCompile>
    <ClCompile Include="D:\WorkDir\obs-studio\libobs\graphics\bounds.c">
      <Filter>graphics\Source Files</Filter>
    </ClCompile>
    <ClCompile Include="D:\WorkDir\obs-studio\libobs\graphics\matrix3.c">
      <Filter>graphics\Source Files</Filter>
    </ClCompile>
    <ClCompile Include="D:\WorkDir\obs-studio\libobs\graphics\matrix4.c">
      <Filter>graphics\Source Files</Filter>
    </ClCompile>
    <ClCompile Include="D:\WorkDir\obs-studio\libobs\graphics\vec3.c">
      <Filter>graphics\Source Files</Filter>
    </ClCompile>
    <ClCompile Include="D:\WorkDir\obs-studio\libobs\graphics\graphics.c">
      <Filter>graphics\Source Files</Filter>
    </ClCompile>
    <ClCompile Include="D:\WorkDir\obs-studio\libobs\graphics\shader-parser.c">
      <Filter>graphics\Source Files</Filter>
    </ClCompile>
    <ClCompile Include="D:\WorkDir\obs-studio\libobs\graphics\plane.c">
      <Filter>graphics\Source Files</Filter>
    </ClCompile>
    <ClCompile Include="D:\WorkDir\obs-studio\libobs\graphics\effect.c">
      <Filter>graphics\Source Files</Filter>
    </ClCompile>
    <ClCompile Include="D:\WorkDir\obs-studio\libobs\graphics\math-extra.c">
      <Filter>graphics\Source Files</Filter>
    </ClCompile>
    <ClCompile Include="D:\WorkDir\obs-studio\libobs\graphics\graphics-imports.c">
      <Filter>graphics\Source Files</Filter>
    </ClCompile>
    <ClCompile Include="D:\WorkDir\obs-studio\libobs\media-io\video-io.c">
      <Filter>media-io\Source Files</Filter>
    </ClCompile>
    <ClCompile Include="D:\WorkDir\obs-studio\libobs\media-io\video-fourcc.c">
      <Filter>media-io\Source Files</Filter>
    </ClCompile>
    <ClCompile Include="D:\WorkDir\obs-studio\libobs\media-io\video-matrices.c">
      <Filter>media-io\Source Files</Filter>
    </ClCompile>
    <ClCompile Include="D:\WorkDir\obs-studio\libobs\media-io\audio-io.c">
      <Filter>media-io\Source Files</Filter>
    </ClCompile>
    <ClCompile Include="D:\WorkDir\obs-studio\libobs\media-io\video-frame.c">
      <Filter>media-io\Source Files</Filter>
    </ClCompile>
    <ClCompile Include="D:\WorkDir\obs-studio\libobs\media-io\format-conversion.c">
      <Filter>media-io\Source Files</Filter>
    </ClCompile>
    <ClCompile Include="D:\WorkDir\obs-studio\libobs\media-io\audio-resampler-ffmpeg.c">
      <Filter>media-io\Source Files</Filter>
    </ClCompile>
    <ClCompile Include="D:\WorkDir\obs-studio\libobs\media-io\video-scaler-ffmpeg.c">
      <Filter>media-io\Source Files</Filter>
    </ClCompile>
    <ClCompile Include="D:\WorkDir\obs-studio\libobs\media-io\media-remux.c">
      <Filter>media-io\Source Files</Filter>
    </ClCompile>
    <ClCompile Include="D:\WorkDir\obs-studio\libobs\util\array-serializer.c">
      <Filter>util\Source Files</Filter>
    </ClCompile>
    <ClCompile Include="D:\WorkDir\obs-studio\libobs\util\file-serializer.c">
      <Filter>util\Source Files</Filter>
    </ClCompile>
    <ClCompile Include="D:\WorkDir\obs-studio\libobs\util\base.c">
      <Filter>util\Source Files</Filter>
    </ClCompile>
    <ClCompile Include="D:\WorkDir\obs-studio\libobs\util\platform.c">
      <Filter>util\Source Files</Filter>
    </ClCompile>
    <ClCompile Include="D:\WorkDir\obs-studio\libobs\util\cf-lexer.c">
      <Filter>util\Source Files</Filter>
    </ClCompile>
    <ClCompile Include="D:\WorkDir\obs-studio\libobs\util\bmem.c">
      <Filter>util\Source Files</Filter>
    </ClCompile>
    <ClCompile Include="D:\WorkDir\obs-studio\libobs\util\config-file.c">
      <Filter>util\Source Files</Filter>
    </ClCompile>
    <ClCompile Include="D:\WorkDir\obs-studio\libobs\util\lexer.c">
      <Filter>util\Source Files</Filter>
    </ClCompile>
    <ClCompile Include="D:\WorkDir\obs-studio\libobs\util\dstr.c">
      <Filter>util\Source Files</Filter>
    </ClCompile>
    <ClCompile Include="D:\WorkDir\obs-studio\libobs\util\utf8.c">
      <Filter>util\Source Files</Filter>
    </ClCompile>
    <ClCompile Include="D:\WorkDir\obs-studio\libobs\util\crc32.c">
      <Filter>util\Source Files</Filter>
    </ClCompile>
    <ClCompile Include="D:\WorkDir\obs-studio\libobs\util\text-lookup.c">
      <Filter>util\Source Files</Filter>
    </ClCompile>
    <ClCompile Include="D:\WorkDir\obs-studio\libobs\util\cf-parser.c">
      <Filter>util\Source Files</Filter>
    </ClCompile>
    <ClCompile Include="D:\WorkDir\obs-studio\libobs\util\profiler.c">
      <Filter>util\Source Files</Filter>
    </ClCompile>
    <ClCompile Include="D:\WorkDir\obs-studio\libobs\obs-win-crash-handler.c">
      <Filter>libobs\Source Files</Filter>
    </ClCompile>
    <ClCompile Include="D:\WorkDir\obs-studio\libobs\obs-windows.c">
      <Filter>libobs\Source Files</Filter>
    </ClCompile>
    <ClCompile Include="D:\WorkDir\obs-studio\libobs\util\threading-windows.c">
      <Filter>libobs\Source Files</Filter>
    </ClCompile>
    <ClCompile Include="D:\WorkDir\obs-studio\libobs\util\pipe-windows.c">
      <Filter>libobs\Source Files</Filter>
    </ClCompile>
    <ClCompile Include="D:\WorkDir\obs-studio\libobs\util\platform-windows.c">
      <Filter>libobs\Source Files</Filter>
    </ClCompile>
    <ClCompile Include="D:\WorkDir\obs-studio\libobs\obs-audio-controls.c">
      <Filter>libobs\Source Files</Filter>
    </ClCompile>
    <ClCompile Include="D:\WorkDir\obs-studio\libobs\obs-avc.c">
      <Filter>libobs\Source Files</Filter>
    </ClCompile>
    <ClCompile Include="D:\WorkDir\obs-studio\libobs\obs-encoder.c">
      <Filter>libobs\Source Files</Filter>
    </ClCompile>
    <ClCompile Include="D:\WorkDir\obs-studio\libobs\obs-service.c">
      <Filter>libobs\Source Files</Filter>
    </ClCompile>
    <ClCompile Include="D:\WorkDir\obs-studio\libobs\obs-source.c">
      <Filter>libobs\Source Files</Filter>
    </ClCompile>
    <ClCompile Include="D:\WorkDir\obs-studio\libobs\obs-source-deinterlace.c">
      <Filter>libobs\Source Files</Filter>
    </ClCompile>
    <ClCompile Include="D:\WorkDir\obs-studio\libobs\obs-source-transition.c">
      <Filter>libobs\Source Files</Filter>
    </ClCompile>
    <ClCompile Include="D:\WorkDir\obs-studio\libobs\obs-output.c">
      <Filter>libobs\Source Files</Filter>
    </ClCompile>
    <ClCompile Include="D:\WorkDir\obs-studio\libobs\obs-output-delay.c">
      <Filter>libobs\Source Files</Filter>
    </ClCompile>
    <ClCompile Include="D:\WorkDir\obs-studio\libobs\obs.c">
      <Filter>libobs\Source Files</Filter>
    </ClCompile>
    <ClCompile Include="D:\WorkDir\obs-studio\libobs\obs-properties.c">
      <Filter>libobs\Source Files</Filter>
    </ClCompile>
    <ClCompile Include="D:\WorkDir\obs-studio\libobs\obs-data.c">
      <Filter>libobs\Source Files</Filter>
    </ClCompile>
    <ClCompile Include="D:\WorkDir\obs-studio\libobs\obs-hotkey.c">
      <Filter>libobs\Source Files</Filter>
    </ClCompile>
    <ClCompile Include="D:\WorkDir\obs-studio\libobs\obs-hotkey-name-map.c">
      <Filter>libobs\Source Files</Filter>
    </ClCompile>
    <ClCompile Include="D:\WorkDir\obs-studio\libobs\obs-module.c">
      <Filter>libobs\Source Files</Filter>
    </ClCompile>
    <ClCompile Include="D:\WorkDir\obs-studio\libobs\obs-display.c">
      <Filter>libobs\Source Files</Filter>
    </ClCompile>
    <ClCompile Include="D:\WorkDir\obs-studio\libobs\obs-view.c">
      <Filter>libobs\Source Files</Filter>
    </ClCompile>
    <ClCompile Include="D:\WorkDir\obs-studio\libobs\obs-scene.c">
      <Filter>libobs\Source Files</Filter>
    </ClCompile>
    <ClCompile Include="D:\WorkDir\obs-studio\libobs\obs-audio.c">
      <Filter>libobs\Source Files</Filter>
    </ClCompile>
    <ClCompile Include="D:\WorkDir\obs-studio\libobs\obs-video.c">
      <Filter>libobs\Source Files</Filter>
    </ClCompile>
    <ClCompile Include="D:\WorkDir\obs-studio\libobs\audio-monitoring\win32\wasapi-output.c">
      <Filter>audio-monitoring\Source Files</Filter>
    </ClCompile>
    <ClCompile Include="D:\WorkDir\obs-studio\libobs\audio-monitoring\win32\wasapi-enum-devices.c">
      <Filter>audio-monitoring\Source Files</Filter>
    </ClCompile>
  </ItemGroup>
  <ItemGroup>
    <ClInclude Include="C:\Users\ZZADD\Documents\Visual Studio 2015\Projects\ObsVSBuild\config\obsconfig.h">
      <Filter>Header Files</Filter>
    </ClInclude>
    <ClInclude Include="D:\WorkDir\obs-studio\libobs\obs-config.h">
      <Filter>Header Files</Filter>
    </ClInclude>
    <ClInclude Include="D:\WorkDir\obs-studio\libobs\callback\calldata.h">
      <Filter>callback\Header Files</Filter>
    </ClInclude>
    <ClInclude Include="D:\WorkDir\obs-studio\libobs\callback\decl.h">
      <Filter>callback\Header Files</Filter>
    </ClInclude>
    <ClInclude Include="D:\WorkDir\obs-studio\libobs\callback\proc.h">
      <Filter>callback\Header Files</Filter>
    </ClInclude>
    <ClInclude Include="D:\WorkDir\obs-studio\libobs\callback\signal.h">
      <Filter>callback\Header Files</Filter>
    </ClInclude>
    <ClInclude Include="D:\WorkDir\obs-studio\libobs\graphics\plane.h">
      <Filter>graphics\Header Files</Filter>
    </ClInclude>
    <ClInclude Include="D:\WorkDir\obs-studio\libobs\graphics\quat.h">
      <Filter>graphics\Header Files</Filter>
    </ClInclude>
    <ClInclude Include="D:\WorkDir\obs-studio\libobs\graphics\input.h">
      <Filter>graphics\Header Files</Filter>
    </ClInclude>
    <ClInclude Include="D:\WorkDir\obs-studio\libobs\graphics\axisang.h">
      <Filter>graphics\Header Files</Filter>
    </ClInclude>
    <ClInclude Include="D:\WorkDir\obs-studio\libobs\graphics\shader-parser.h">
      <Filter>graphics\Header Files</Filter>
    </ClInclude>
    <ClInclude Include="D:\WorkDir\obs-studio\libobs\graphics\effect.h">
      <Filter>graphics\Header Files</Filter>
    </ClInclude>
    <ClInclude Include="D:\WorkDir\obs-studio\libobs\graphics\math-defs.h">
      <Filter>graphics\Header Files</Filter>
    </ClInclude>
    <ClInclude Include="D:\WorkDir\obs-studio\libobs\graphics\matrix4.h">
      <Filter>graphics\Header Files</Filter>
    </ClInclude>
    <ClInclude Include="D:\WorkDir\obs-studio\libobs\graphics\graphics.h">
      <Filter>graphics\Header Files</Filter>
    </ClInclude>
    <ClInclude Include="D:\WorkDir\obs-studio\libobs\graphics\graphics-internal.h">
      <Filter>graphics\Header Files</Filter>
    </ClInclude>
    <ClInclude Include="D:\WorkDir\obs-studio\libobs\graphics\libnsgif\libnsgif.h">
      <Filter>graphics\Header Files</Filter>
    </ClInclude>
    <ClInclude Include="D:\WorkDir\obs-studio\libobs\graphics\device-exports.h">
      <Filter>graphics\Header Files</Filter>
    </ClInclude>
    <ClInclude Include="D:\WorkDir\obs-studio\libobs\graphics\image-file.h">
      <Filter>graphics\Header Files</Filter>
    </ClInclude>
    <ClInclude Include="D:\WorkDir\obs-studio\libobs\graphics\vec2.h">
      <Filter>graphics\Header Files</Filter>
    </ClInclude>
    <ClInclude Include="D:\WorkDir\obs-studio\libobs\graphics\vec4.h">
      <Filter>graphics\Header Files</Filter>
    </ClInclude>
    <ClInclude Include="D:\WorkDir\obs-studio\libobs\graphics\matrix3.h">
      <Filter>graphics\Header Files</Filter>
    </ClInclude>
    <ClInclude Include="D:\WorkDir\obs-studio\libobs\graphics\vec3.h">
      <Filter>graphics\Header Files</Filter>
    </ClInclude>
    <ClInclude Include="D:\WorkDir\obs-studio\libobs\graphics\math-extra.h">
      <Filter>graphics\Header Files</Filter>
    </ClInclude>
    <ClInclude Include="D:\WorkDir\obs-studio\libobs\graphics\bounds.h">
      <Filter>graphics\Header Files</Filter>
    </ClInclude>
    <ClInclude Include="D:\WorkDir\obs-studio\libobs\graphics\effect-parser.h">
      <Filter>graphics\Header Files</Filter>
    </ClInclude>
    <ClInclude Include="D:\WorkDir\obs-studio\libobs\media-io\media-io-defs.h">
      <Filter>media-io\Header Files</Filter>
    </ClInclude>
    <ClInclude Include="D:\WorkDir\obs-studio\libobs\media-io\video-io.h">
      <Filter>media-io\Header Files</Filter>
    </ClInclude>
    <ClInclude Include="D:\WorkDir\obs-studio\libobs\media-io\audio-io.h">
      <Filter>media-io\Header Files</Filter>
    </ClInclude>
    <ClInclude Include="D:\WorkDir\obs-studio\libobs\media-io\audio-math.h">
      <Filter>media-io\Header Files</Filter>
    </ClInclude>
    <ClInclude Include="D:\WorkDir\obs-studio\libobs\media-io\video-frame.h">
      <Filter>media-io\Header Files</Filter>
    </ClInclude>
    <ClInclude Include="D:\WorkDir\obs-studio\libobs\media-io\format-conversion.h">
      <Filter>media-io\Header Files</Filter>
    </ClInclude>
    <ClInclude Include="D:\WorkDir\obs-studio\libobs\media-io\audio-resampler.h">
      <Filter>media-io\Header Files</Filter>
    </ClInclude>
    <ClInclude Include="D:\WorkDir\obs-studio\libobs\media-io\video-scaler.h">
      <Filter>media-io\Header Files</Filter>
    </ClInclude>
    <ClInclude Include="D:\WorkDir\obs-studio\libobs\media-io\media-remux.h">
      <Filter>media-io\Header Files</Filter>
    </ClInclude>
    <ClInclude Include="D:\WorkDir\obs-studio\libobs\media-io\frame-rate.h">
      <Filter>media-io\Header Files</Filter>
    </ClInclude>
    <ClInclude Include="D:\WorkDir\obs-studio\libobs\util\array-serializer.h">
      <Filter>util\Header Files</Filter>
    </ClInclude>
    <ClInclude Include="D:\WorkDir\obs-studio\libobs\util\file-serializer.h">
      <Filter>util\Header Files</Filter>
    </ClInclude>
    <ClInclude Include="D:\WorkDir\obs-studio\libobs\util\utf8.h">
      <Filter>util\Header Files</Filter>
    </ClInclude>
    <ClInclude Include="D:\WorkDir\obs-studio\libobs\util\crc32.h">
      <Filter>util\Header Files</Filter>
    </ClInclude>
    <ClInclude Include="D:\WorkDir\obs-studio\libobs\util\base.h">
      <Filter>util\Header Files</Filter>
    </ClInclude>
    <ClInclude Include="D:\WorkDir\obs-studio\libobs\util\text-lookup.h">
      <Filter>util\Header Files</Filter>
    </ClInclude>
    <ClInclude Include="D:\WorkDir\obs-studio\libobs\util\vc\vc_inttypes.h">
      <Filter>util\Header Files</Filter>
    </ClInclude>
    <ClInclude Include="D:\WorkDir\obs-studio\libobs\util\vc\vc_stdbool.h">
      <Filter>util\Header Files</Filter>
    </ClInclude>
    <ClInclude Include="D:\WorkDir\obs-studio\libobs\util\vc\vc_stdint.h">
      <Filter>util\Header Files</Filter>
    </ClInclude>
    <ClInclude Include="D:\WorkDir\obs-studio\libobs\util\bmem.h">
      <Filter>util\Header Files</Filter>
    </ClInclude>
    <ClInclude Include="D:\WorkDir\obs-studio\libobs\util\c99defs.h">
      <Filter>util\Header Files</Filter>
    </ClInclude>
    <ClInclude Include="D:\WorkDir\obs-studio\libobs\util\util_uint128.h">
      <Filter>util\Header Files</Filter>
    </ClInclude>
    <ClInclude Include="D:\WorkDir\obs-studio\libobs\util\cf-parser.h">
      <Filter>util\Header Files</Filter>
    </ClInclude>
    <ClInclude Include="D:\WorkDir\obs-studio\libobs\util\threading.h">
      <Filter>util\Header Files</Filter>
    </ClInclude>
    <ClInclude Include="D:\WorkDir\obs-studio\libobs\util\pipe.h">
      <Filter>util\Header Files</Filter>
    </ClInclude>
    <ClInclude Include="D:\WorkDir\obs-studio\libobs\util\cf-lexer.h">
      <Filter>util\Header Files</Filter>
    </ClInclude>
    <ClInclude Include="D:\WorkDir\obs-studio\libobs\util\darray.h">
      <Filter>util\Header Files</Filter>
    </ClInclude>
    <ClInclude Include="D:\WorkDir\obs-studio\libobs\util\circlebuf.h">
      <Filter>util\Header Files</Filter>
    </ClInclude>
    <ClInclude Include="D:\WorkDir\obs-studio\libobs\util\dstr.h">
      <Filter>util\Header Files</Filter>
    </ClInclude>
    <ClInclude Include="D:\WorkDir\obs-studio\libobs\util\serializer.h">
      <Filter>util\Header Files</Filter>
    </ClInclude>
    <ClInclude Include="D:\WorkDir\obs-studio\libobs\util\config-file.h">
      <Filter>util\Header Files</Filter>
    </ClInclude>
    <ClInclude Include="D:\WorkDir\obs-studio\libobs\util\lexer.h">
      <Filter>util\Header Files</Filter>
    </ClInclude>
    <ClInclude Include="D:\WorkDir\obs-studio\libobs\util\platform.h">
      <Filter>util\Header Files</Filter>
    </ClInclude>
    <ClInclude Include="D:\WorkDir\obs-studio\libobs\util\profiler.h">
      <Filter>util\Header Files</Filter>
    </ClInclude>
    <ClInclude Include="D:\WorkDir\obs-studio\libobs\util\profiler.hpp">
      <Filter>util\Header Files</Filter>
    </ClInclude>
    <ClInclude Include="D:\WorkDir\obs-studio\libobs\util\threading-windows.h">
      <Filter>libobs\Header Files</Filter>
    </ClInclude>
    <ClInclude Include="D:\WorkDir\obs-studio\libobs\util\windows\win-version.h">
      <Filter>libobs\Header Files</Filter>
    </ClInclude>
    <ClInclude Include="D:\WorkDir\obs-studio\libobs\util\windows\ComPtr.hpp">
      <Filter>libobs\Header Files</Filter>
    </ClInclude>
    <ClInclude Include="D:\WorkDir\obs-studio\libobs\util\windows\CoTaskMemPtr.hpp">
      <Filter>libobs\Header Files</Filter>
    </ClInclude>
    <ClInclude Include="D:\WorkDir\obs-studio\libobs\util\windows\HRError.hpp">
      <Filter>libobs\Header Files</Filter>
    </ClInclude>
    <ClInclude Include="D:\WorkDir\obs-studio\libobs\util\windows\WinHandle.hpp">
      <Filter>libobs\Header Files</Filter>
    </ClInclude>
    <ClInclude Include="D:\WorkDir\obs-studio\libobs\obs-audio-controls.h">
      <Filter>libobs\Header Files</Filter>
    </ClInclude>
    <ClInclude Include="D:\WorkDir\obs-studio\libobs\obs-defs.h">
      <Filter>libobs\Header Files</Filter>
    </ClInclude>
    <ClInclude Include="D:\WorkDir\obs-studio\libobs\obs-avc.h">
      <Filter>libobs\Header Files</Filter>
    </ClInclude>
    <ClInclude Include="D:\WorkDir\obs-studio\libobs\obs-encoder.h">
      <Filter>libobs\Header Files</Filter>
    </ClInclude>
    <ClInclude Include="D:\WorkDir\obs-studio\libobs\obs-service.h">
      <Filter>libobs\Header Files</Filter>
    </ClInclude>
    <ClInclude Include="D:\WorkDir\obs-studio\libobs\obs-internal.h">
      <Filter>libobs\Header Files</Filter>
    </ClInclude>
    <ClInclude Include="D:\WorkDir\obs-studio\libobs\obs.h">
      <Filter>libobs\Header Files</Filter>
    </ClInclude>
    <ClInclude Include="D:\WorkDir\obs-studio\libobs\obs-ui.h">
      <Filter>libobs\Header Files</Filter>
    </ClInclude>
    <ClInclude Include="D:\WorkDir\obs-studio\libobs\obs-properties.h">
      <Filter>libobs\Header Files</Filter>
    </ClInclude>
    <ClInclude Include="D:\WorkDir\obs-studio\libobs\obs-data.h">
      <Filter>libobs\Header Files</Filter>
    </ClInclude>
    <ClInclude Include="D:\WorkDir\obs-studio\libobs\obs-interaction.h">
      <Filter>libobs\Header Files</Filter>
    </ClInclude>
    <ClInclude Include="D:\WorkDir\obs-studio\libobs\obs-hotkey.h">
      <Filter>libobs\Header Files</Filter>
    </ClInclude>
    <ClInclude Include="D:\WorkDir\obs-studio\libobs\obs-hotkeys.h">
      <Filter>libobs\Header Files</Filter>
    </ClInclude>
    <ClInclude Include="D:\WorkDir\obs-studio\libobs\obs-module.h">
      <Filter>libobs\Header Files</Filter>
    </ClInclude>
    <ClInclude Include="D:\WorkDir\obs-studio\libobs\obs-scene.h">
      <Filter>libobs\Header Files</Filter>
    </ClInclude>
    <ClInclude Include="D:\WorkDir\obs-studio\libobs\obs-source.h">
      <Filter>libobs\Header Files</Filter>
    </ClInclude>
    <ClInclude Include="D:\WorkDir\obs-studio\libobs\obs-output.h">
      <Filter>libobs\Header Files</Filter>
    </ClInclude>
    <ClInclude Include="D:\WorkDir\obs-studio\libobs\obs-ffmpeg-compat.h">
      <Filter>libobs\Header Files</Filter>
    </ClInclude>
    <ClInclude Include="D:\WorkDir\obs-studio\libobs\obs.hpp">
      <Filter>libobs\Header Files</Filter>
    </ClInclude>
    <ClInclude Include="D:\WorkDir\obs-studio\libobs\audio-monitoring\win32\wasapi-output.h">
      <Filter>audio-monitoring\Header Files</Filter>
    </ClInclude>
  </ItemGroup>
  <ItemGroup>
    <CustomBuild Include="D:\WorkDir\obs-studio\libobs\CMakeLists.txt" />
  </ItemGroup>
  <ItemGroup>
    <Filter Include="Header Files">
      <UniqueIdentifier>{204D2E56-1393-311C-B73E-A208FD828602}</UniqueIdentifier>
    </Filter>
    <Filter Include="callback">
      <UniqueIdentifier>{2EB7963D-CB9E-34DA-9C86-B9198EFB4509}</UniqueIdentifier>
    </Filter>
    <Filter Include="graphics">
      <UniqueIdentifier>{23A5F8C0-774F-38B0-87B0-FDF07C034E83}</UniqueIdentifier>
    </Filter>
    <Filter Include="libobs">
      <UniqueIdentifier>{023C6AD4-F240-379A-9CE7-D2AAC31055A8}</UniqueIdentifier>
    </Filter>
    <Filter Include="media-io">
      <UniqueIdentifier>{69573253-4440-380F-93F5-299DE67B4580}</UniqueIdentifier>
    </Filter>
    <Filter Include="util">
      <UniqueIdentifier>{87382DCD-EA52-32CA-96B3-48CFC0131D77}</UniqueIdentifier>
    </Filter>
    <Filter Include="audio-monitoring">
      <UniqueIdentifier>{E01B3B69-085B-3248-AFF4-D20684C3C604}</UniqueIdentifier>
    </Filter>
    <Filter Include="callback\Source Files">
      <UniqueIdentifier>{18243ABB-FEF7-3079-B9AA-5CBE71ADB6F1}</UniqueIdentifier>
    </Filter>
    <Filter Include="callback\Header Files">
      <UniqueIdentifier>{4818EF7C-3026-3D49-A63D-7BD82E3591A0}</UniqueIdentifier>
    </Filter>
    <Filter Include="graphics\Source Files">
      <UniqueIdentifier>{A1FD6C32-1E1A-3B80-9AD0-7C45B1C19D0D}</UniqueIdentifier>
    </Filter>
    <Filter Include="graphics\Header Files">
      <UniqueIdentifier>{7740A13B-53BA-33FA-81BB-6CC29D52A56A}</UniqueIdentifier>
    </Filter>
    <Filter Include="libobs\Source Files">
      <UniqueIdentifier>{D1FF28AB-D3F7-3DB5-9012-7AEFBF7FE81C}</UniqueIdentifier>
    </Filter>
    <Filter Include="libobs\Header Files">
      <UniqueIdentifier>{3B653A59-13F3-3F29-B776-B0BD8206D1B3}</UniqueIdentifier>
    </Filter>
    <Filter Include="media-io\Source Files">
      <UniqueIdentifier>{4428ACF1-E322-397B-A3E8-9A6A1A47EDD4}</UniqueIdentifier>
    </Filter>
    <Filter Include="media-io\Header Files">
      <UniqueIdentifier>{9D00F836-D61F-35A3-AD66-1417B3EAD58D}</UniqueIdentifier>
    </Filter>
    <Filter Include="audio-monitoring\Source Files">
      <UniqueIdentifier>{9F356B76-1E51-3387-9BDD-A05C2EF0DAF5}</UniqueIdentifier>
    </Filter>
    <Filter Include="audio-monitoring\Header Files">
      <UniqueIdentifier>{F4BB7ECD-58DC-3886-B6D6-DCB932CF62F1}</UniqueIdentifier>
    </Filter>
    <Filter Include="util\Source Files">
      <UniqueIdentifier>{6F52EF40-6455-388E-A94D-7AFA640B2D4B}</UniqueIdentifier>
    </Filter>
    <Filter Include="util\Header Files">
      <UniqueIdentifier>{8F429712-11FC-3660-8DA8-E1A73EC68698}</UniqueIdentifier>
    </Filter>
  </ItemGroup>
</Project>
